
Microsoft Visual Studio Solution File, Format Version 12.00
# Visual Studio Version 17
VisualStudioVersion = 17.12.35209.166
MinimumVisualStudioVersion = 10.0.40219.1
Project("{FAE04EC0-301F-11D3-BF4B-00C04F79EFBC}") = "databasesalun", "databasesalun\databasesalun.csproj", "{CCC896F8-7D3A-4A80-B727-676C244412CB}"
EndProject
Global
	GlobalSection(SolutionConfigurationPlatforms) = preSolution
		Debug|Any CPU = Debug|Any CPU
		Release|Any CPU = Release|Any CPU
	EndGlobalSection
	GlobalSection(ProjectConfigurationPlatforms) = postSolution
		{CCC896F8-7D3A-4A80-B727-676C244412CB}.Debug|Any CPU.ActiveCfg = Debug|Any CPU
		{CCC896F8-7D3A-4A80-B727-676C244412CB}.Debug|Any CPU.Build.0 = Debug|Any CPU
		{CCC896F8-7D3A-4A80-B727-676C244412CB}.Release|Any CPU.ActiveCfg = Release|Any CPU
		{CCC896F8-7D3A-4A80-B727-676C244412CB}.Release|Any CPU.Build.0 = Release|Any CPU
	EndGlobalSection
	GlobalSection(SolutionProperties) = preSolution
		HideSolutionNode = FALSE
	EndGlobalSection
	GlobalSection(ExtensibilityGlobals) = postSolution
		SolutionGuid = {B34D22A3-5DBE-42E9-93D8-C1CA48527796}
	EndGlobalSection
EndGlobal
